
Microsoft Visual Studio Solution File, Format Version 12.00
# Visual Studio 14
VisualStudioVersion = 14.0.23107.0
MinimumVisualStudioVersion = 10.0.40219.1
Project("{FAE04EC0-301F-11D3-BF4B-00C04F79EFBC}") = "StrategyDesignPattern", "StrategyDesignPattern\StrategyDesignPattern.csproj", "{157384B0-7203-47EE-B089-FC968D1F35E0}"
EndProject
Project("{2150E333-8FDC-42A3-9474-1A3956D46DE8}") = "Solution Items", "Solution Items", "{86E1D40A-7027-48F3-A8F2-4034B24DF6F9}"
EndProject
Global
	GlobalSection(SolutionConfigurationPlatforms) = preSolution
		Debug|Any CPU = Debug|Any CPU
		Release|Any CPU = Release|Any CPU
	EndGlobalSection
	GlobalSection(ProjectConfigurationPlatforms) = postSolution
		{157384B0-7203-47EE-B089-FC968D1F35E0}.Debug|Any CPU.ActiveCfg = Debug|Any CPU
		{157384B0-7203-47EE-B089-FC968D1F35E0}.Debug|Any CPU.Build.0 = Debug|Any CPU
		{157384B0-7203-47EE-B089-FC968D1F35E0}.Release|Any CPU.ActiveCfg = Release|Any CPU
		{157384B0-7203-47EE-B089-FC968D1F35E0}.Release|Any CPU.Build.0 = Release|Any CPU
	EndGlobalSection
	GlobalSection(SolutionProperties) = preSolution
		HideSolutionNode = FALSE
	EndGlobalSection
EndGlobal
